
Microsoft Visual Studio Solution File, Format Version 12.00
# Visual Studio Version 17
VisualStudioVersion = 17.3.32901.215
MinimumVisualStudioVersion = 10.0.40219.1
Project("{FAE04EC0-301F-11D3-BF4B-00C04F79EFBC}") = "Devs2Blu.Exercicio2CsharpMVC", "Devs2Blu.Exercicio2CsharpMVC\Devs2Blu.Exercicio2CsharpMVC.csproj", "{6EFA491A-75C5-4CA8-B514-F5D7CEBDB905}"
EndProject
Global
	GlobalSection(SolutionConfigurationPlatforms) = preSolution
		Debug|Any CPU = Debug|Any CPU
		Release|Any CPU = Release|Any CPU
	EndGlobalSection
	GlobalSection(ProjectConfigurationPlatforms) = postSolution
		{6EFA491A-75C5-4CA8-B514-F5D7CEBDB905}.Debug|Any CPU.ActiveCfg = Debug|Any CPU
		{6EFA491A-75C5-4CA8-B514-F5D7CEBDB905}.Debug|Any CPU.Build.0 = Debug|Any CPU
		{6EFA491A-75C5-4CA8-B514-F5D7CEBDB905}.Release|Any CPU.ActiveCfg = Release|Any CPU
		{6EFA491A-75C5-4CA8-B514-F5D7CEBDB905}.Release|Any CPU.Build.0 = Release|Any CPU
	EndGlobalSection
	GlobalSection(SolutionProperties) = preSolution
		HideSolutionNode = FALSE
	EndGlobalSection
	GlobalSection(ExtensibilityGlobals) = postSolution
		SolutionGuid = {55B77227-2506-4DDC-AFAC-244DFF11372E}
	EndGlobalSection
EndGlobal
